
Microsoft Visual Studio Solution File, Format Version 12.00
# Visual Studio Version 16
VisualStudioVersion = 16.0.29025.244
MinimumVisualStudioVersion = 10.0.40219.1
Project("{FAE04EC0-301F-11D3-BF4B-00C04F79EFBC}") = "RockPaperScissorsTest", "RockPaperScissorsTest\RockPaperScissorsTest.csproj", "{5FCA4466-EBA8-4C17-AFB9-4FCC995E6371}"
EndProject
Global
	GlobalSection(SolutionConfigurationPlatforms) = preSolution
		Debug|Any CPU = Debug|Any CPU
		Release|Any CPU = Release|Any CPU
	EndGlobalSection
	GlobalSection(ProjectConfigurationPlatforms) = postSolution
		{5FCA4466-EBA8-4C17-AFB9-4FCC995E6371}.Debug|Any CPU.ActiveCfg = Debug|Any CPU
		{5FCA4466-EBA8-4C17-AFB9-4FCC995E6371}.Debug|Any CPU.Build.0 = Debug|Any CPU
		{5FCA4466-EBA8-4C17-AFB9-4FCC995E6371}.Release|Any CPU.ActiveCfg = Release|Any CPU
		{5FCA4466-EBA8-4C17-AFB9-4FCC995E6371}.Release|Any CPU.Build.0 = Release|Any CPU
	EndGlobalSection
	GlobalSection(SolutionProperties) = preSolution
		HideSolutionNode = FALSE
	EndGlobalSection
	GlobalSection(ExtensibilityGlobals) = postSolution
		SolutionGuid = {6E8BBD77-F130-4CF4-BCBD-9A56ACB09CD7}
	EndGlobalSection
EndGlobal
